
Microsoft Visual Studio Solution File, Format Version 12.00
# Visual Studio 14
VisualStudioVersion = 14.0.25420.1
MinimumVisualStudioVersion = 10.0.40219.1
Project("{FAE04EC0-301F-11D3-BF4B-00C04F79EFBC}") = "MovingPictures", "MovingPictures\MovingPictures.csproj", "{443F8F2C-44D2-47FB-B552-636664C8EC53}"
EndProject
Project("{FAE04EC0-301F-11D3-BF4B-00C04F79EFBC}") = "Cornerstone", "Cornerstone\Cornerstone.csproj", "{14201B8D-31C3-4FB5-9356-9485676C147B}"
EndProject
Project("{FAE04EC0-301F-11D3-BF4B-00C04F79EFBC}") = "Cornerstone.MP", "Cornerstone.MP\Cornerstone.MP.csproj", "{77C78161-3206-45FD-A419-60218F3354C0}"
EndProject
Project("{FAE04EC0-301F-11D3-BF4B-00C04F79EFBC}") = "ConfigLauncher", "Testing\MovingPicturesConfigLauncher\ConfigLauncher.csproj", "{5D751473-DCC5-4044-A6E3-403D97C5B9F9}"
EndProject
Project("{2150E333-8FDC-42A3-9474-1A3956D46DE8}") = "External", "External", "{1A6450EB-C026-4C84-AE11-2A6389049734}"
	ProjectSection(SolutionItems) = preProject
		External\merge.bat = External\merge.bat
	EndProjectSection
EndProject
Project("{FAE04EC0-301F-11D3-BF4B-00C04F79EFBC}") = "SearchTester", "Testing\SearchTester\SearchTester.csproj", "{1B3CB474-9C7B-459F-9927-A882D3457950}"
EndProject
Project("{2150E333-8FDC-42A3-9474-1A3956D46DE8}") = "Testing", "Testing", "{61546B9B-F2A3-4931-AC2A-963AFDAC67A5}"
EndProject
Project("{FAE04EC0-301F-11D3-BF4B-00C04F79EFBC}") = "ScriptEngineTester", "Testing\ScriptEngineTester\ScriptEngineTester.csproj", "{759B8D4C-415E-4F71-8B86-82B497B5499B}"
EndProject
Project("{2150E333-8FDC-42A3-9474-1A3956D46DE8}") = "Transifex", "Transifex", "{1C637437-D8E8-447B-8C00-1274FB140EEC}"
	ProjectSection(SolutionItems) = preProject
		.tx\config = .tx\config
	EndProjectSection
EndProject
Project("{2150E333-8FDC-42A3-9474-1A3956D46DE8}") = "Setup", "Setup", "{1CA245D5-846D-4645-9145-AA389BD3B928}"
	ProjectSection(SolutionItems) = preProject
		Setup\MovingPictures-Native.xmp2 = Setup\MovingPictures-Native.xmp2
		Setup\update.xml = Setup\update.xml
	EndProjectSection
EndProject
Global
	GlobalSection(SolutionConfigurationPlatforms) = preSolution
		Debug|Any CPU = Debug|Any CPU
		Debug|Mixed Platforms = Debug|Mixed Platforms
		Debug|x86 = Debug|x86
		Release (MP 1.2)|Any CPU = Release (MP 1.2)|Any CPU
		Release (MP 1.2)|Mixed Platforms = Release (MP 1.2)|Mixed Platforms
		Release (MP 1.2)|x86 = Release (MP 1.2)|x86
		Release (Standalone)|Any CPU = Release (Standalone)|Any CPU
		Release (Standalone)|Mixed Platforms = Release (Standalone)|Mixed Platforms
		Release (Standalone)|x86 = Release (Standalone)|x86
		Release|Any CPU = Release|Any CPU
		Release|Mixed Platforms = Release|Mixed Platforms
		Release|x86 = Release|x86
		UseCaptureCardDefinitions|Any CPU = UseCaptureCardDefinitions|Any CPU
		UseCaptureCardDefinitions|Mixed Platforms = UseCaptureCardDefinitions|Mixed Platforms
		UseCaptureCardDefinitions|x86 = UseCaptureCardDefinitions|x86
		UseCaptureDefintionsRelease|Any CPU = UseCaptureDefintionsRelease|Any CPU
		UseCaptureDefintionsRelease|Mixed Platforms = UseCaptureDefintionsRelease|Mixed Platforms
		UseCaptureDefintionsRelease|x86 = UseCaptureDefintionsRelease|x86
	EndGlobalSection
	GlobalSection(ProjectConfigurationPlatforms) = postSolution
		{443F8F2C-44D2-47FB-B552-636664C8EC53}.Debug|Any CPU.ActiveCfg = Debug|Any CPU
		{443F8F2C-44D2-47FB-B552-636664C8EC53}.Debug|Any CPU.Build.0 = Debug|Any CPU
		{443F8F2C-44D2-47FB-B552-636664C8EC53}.Debug|Mixed Platforms.ActiveCfg = Debug|Any CPU
		{443F8F2C-44D2-47FB-B552-636664C8EC53}.Debug|Mixed Platforms.Build.0 = Debug|Any CPU
		{443F8F2C-44D2-47FB-B552-636664C8EC53}.Debug|x86.ActiveCfg = Debug|Any CPU
		{443F8F2C-44D2-47FB-B552-636664C8EC53}.Debug|x86.Build.0 = Debug|Any CPU
		{443F8F2C-44D2-47FB-B552-636664C8EC53}.Release (MP 1.2)|Any CPU.ActiveCfg = Release|Any CPU
		{443F8F2C-44D2-47FB-B552-636664C8EC53}.Release (MP 1.2)|Any CPU.Build.0 = Release|Any CPU
		{443F8F2C-44D2-47FB-B552-636664C8EC53}.Release (MP 1.2)|Mixed Platforms.ActiveCfg = Release|Any CPU
		{443F8F2C-44D2-47FB-B552-636664C8EC53}.Release (MP 1.2)|Mixed Platforms.Build.0 = Release|Any CPU
		{443F8F2C-44D2-47FB-B552-636664C8EC53}.Release (MP 1.2)|x86.ActiveCfg = Release|Any CPU
		{443F8F2C-44D2-47FB-B552-636664C8EC53}.Release (Standalone)|Any CPU.ActiveCfg = Release|Any CPU
		{443F8F2C-44D2-47FB-B552-636664C8EC53}.Release (Standalone)|Any CPU.Build.0 = Release|Any CPU
		{443F8F2C-44D2-47FB-B552-636664C8EC53}.Release (Standalone)|Mixed Platforms.ActiveCfg = Release|Any CPU
		{443F8F2C-44D2-47FB-B552-636664C8EC53}.Release (Standalone)|Mixed Platforms.Build.0 = Release|Any CPU
		{443F8F2C-44D2-47FB-B552-636664C8EC53}.Release (Standalone)|x86.ActiveCfg = Release|Any CPU
		{443F8F2C-44D2-47FB-B552-636664C8EC53}.Release|Any CPU.ActiveCfg = Release|Any CPU
		{443F8F2C-44D2-47FB-B552-636664C8EC53}.Release|Any CPU.Build.0 = Release|Any CPU
		{443F8F2C-44D2-47FB-B552-636664C8EC53}.Release|Mixed Platforms.ActiveCfg = Release|Any CPU
		{443F8F2C-44D2-47FB-B552-636664C8EC53}.Release|Mixed Platforms.Build.0 = Release|Any CPU
		{443F8F2C-44D2-47FB-B552-636664C8EC53}.Release|x86.ActiveCfg = Release|Any CPU
		{443F8F2C-44D2-47FB-B552-636664C8EC53}.Release|x86.Build.0 = Release|Any CPU
		{443F8F2C-44D2-47FB-B552-636664C8EC53}.UseCaptureCardDefinitions|Any CPU.ActiveCfg = Release|Any CPU
		{443F8F2C-44D2-47FB-B552-636664C8EC53}.UseCaptureCardDefinitions|Any CPU.Build.0 = Release|Any CPU
		{443F8F2C-44D2-47FB-B552-636664C8EC53}.UseCaptureCardDefinitions|Mixed Platforms.ActiveCfg = Release|Any CPU
		{443F8F2C-44D2-47FB-B552-636664C8EC53}.UseCaptureCardDefinitions|Mixed Platforms.Build.0 = Release|Any CPU
		{443F8F2C-44D2-47FB-B552-636664C8EC53}.UseCaptureCardDefinitions|x86.ActiveCfg = Release|Any CPU
		{443F8F2C-44D2-47FB-B552-636664C8EC53}.UseCaptureDefintionsRelease|Any CPU.ActiveCfg = Release|Any CPU
		{443F8F2C-44D2-47FB-B552-636664C8EC53}.UseCaptureDefintionsRelease|Any CPU.Build.0 = Release|Any CPU
		{443F8F2C-44D2-47FB-B552-636664C8EC53}.UseCaptureDefintionsRelease|Mixed Platforms.ActiveCfg = Release|Any CPU
		{443F8F2C-44D2-47FB-B552-636664C8EC53}.UseCaptureDefintionsRelease|Mixed Platforms.Build.0 = Release|Any CPU
		{443F8F2C-44D2-47FB-B552-636664C8EC53}.UseCaptureDefintionsRelease|x86.ActiveCfg = Release|Any CPU
		{14201B8D-31C3-4FB5-9356-9485676C147B}.Debug|Any CPU.ActiveCfg = Debug|Any CPU
		{14201B8D-31C3-4FB5-9356-9485676C147B}.Debug|Any CPU.Build.0 = Debug|Any CPU
		{14201B8D-31C3-4FB5-9356-9485676C147B}.Debug|Mixed Platforms.ActiveCfg = Debug|x86
		{14201B8D-31C3-4FB5-9356-9485676C147B}.Debug|Mixed Platforms.Build.0 = Debug|x86
		{14201B8D-31C3-4FB5-9356-9485676C147B}.Debug|x86.ActiveCfg = Debug|x86
		{14201B8D-31C3-4FB5-9356-9485676C147B}.Debug|x86.Build.0 = Debug|x86
		{14201B8D-31C3-4FB5-9356-9485676C147B}.Release (MP 1.2)|Any CPU.ActiveCfg = Release|Any CPU
		{14201B8D-31C3-4FB5-9356-9485676C147B}.Release (MP 1.2)|Any CPU.Build.0 = Release|Any CPU
		{14201B8D-31C3-4FB5-9356-9485676C147B}.Release (MP 1.2)|Mixed Platforms.ActiveCfg = Release|x86
		{14201B8D-31C3-4FB5-9356-9485676C147B}.Release (MP 1.2)|Mixed Platforms.Build.0 = Release|x86
		{14201B8D-31C3-4FB5-9356-9485676C147B}.Release (MP 1.2)|x86.ActiveCfg = Release|x86
		{14201B8D-31C3-4FB5-9356-9485676C147B}.Release (MP 1.2)|x86.Build.0 = Release|x86
		{14201B8D-31C3-4FB5-9356-9485676C147B}.Release (Standalone)|Any CPU.ActiveCfg = Release|x86
		{14201B8D-31C3-4FB5-9356-9485676C147B}.Release (Standalone)|Mixed Platforms.ActiveCfg = Release|x86
		{14201B8D-31C3-4FB5-9356-9485676C147B}.Release (Standalone)|Mixed Platforms.Build.0 = Release|x86
		{14201B8D-31C3-4FB5-9356-9485676C147B}.Release (Standalone)|x86.ActiveCfg = Release|x86
		{14201B8D-31C3-4FB5-9356-9485676C147B}.Release (Standalone)|x86.Build.0 = Release|x86
		{14201B8D-31C3-4FB5-9356-9485676C147B}.Release|Any CPU.ActiveCfg = Release|Any CPU
		{14201B8D-31C3-4FB5-9356-9485676C147B}.Release|Any CPU.Build.0 = Release|Any CPU
		{14201B8D-31C3-4FB5-9356-9485676C147B}.Release|Mixed Platforms.ActiveCfg = Release|x86
		{14201B8D-31C3-4FB5-9356-9485676C147B}.Release|Mixed Platforms.Build.0 = Release|x86
		{14201B8D-31C3-4FB5-9356-9485676C147B}.Release|x86.ActiveCfg = Release|x86
		{14201B8D-31C3-4FB5-9356-9485676C147B}.Release|x86.Build.0 = Release|x86
		{14201B8D-31C3-4FB5-9356-9485676C147B}.UseCaptureCardDefinitions|Any CPU.ActiveCfg = Release|x86
		{14201B8D-31C3-4FB5-9356-9485676C147B}.UseCaptureCardDefinitions|Mixed Platforms.ActiveCfg = Release|x86
		{14201B8D-31C3-4FB5-9356-9485676C147B}.UseCaptureCardDefinitions|Mixed Platforms.Build.0 = Release|x86
		{14201B8D-31C3-4FB5-9356-9485676C147B}.UseCaptureCardDefinitions|x86.ActiveCfg = Release|x86
		{14201B8D-31C3-4FB5-9356-9485676C147B}.UseCaptureCardDefinitions|x86.Build.0 = Release|x86
		{14201B8D-31C3-4FB5-9356-9485676C147B}.UseCaptureDefintionsRelease|Any CPU.ActiveCfg = Release|Any CPU
		{14201B8D-31C3-4FB5-9356-9485676C147B}.UseCaptureDefintionsRelease|Any CPU.Build.0 = Release|Any CPU
		{14201B8D-31C3-4FB5-9356-9485676C147B}.UseCaptureDefintionsRelease|Mixed Platforms.ActiveCfg = Release|x86
		{14201B8D-31C3-4FB5-9356-9485676C147B}.UseCaptureDefintionsRelease|Mixed Platforms.Build.0 = Release|x86
		{14201B8D-31C3-4FB5-9356-9485676C147B}.UseCaptureDefintionsRelease|x86.ActiveCfg = Release|x86
		{14201B8D-31C3-4FB5-9356-9485676C147B}.UseCaptureDefintionsRelease|x86.Build.0 = Release|x86
		{77C78161-3206-45FD-A419-60218F3354C0}.Debug|Any CPU.ActiveCfg = Debug|Any CPU
		{77C78161-3206-45FD-A419-60218F3354C0}.Debug|Any CPU.Build.0 = Debug|Any CPU
		{77C78161-3206-45FD-A419-60218F3354C0}.Debug|Mixed Platforms.ActiveCfg = Debug|Any CPU
		{77C78161-3206-45FD-A419-60218F3354C0}.Debug|Mixed Platforms.Build.0 = Debug|Any CPU
		{77C78161-3206-45FD-A419-60218F3354C0}.Debug|x86.ActiveCfg = Debug|Any CPU
		{77C78161-3206-45FD-A419-60218F3354C0}.Debug|x86.Build.0 = Debug|Any CPU
		{77C78161-3206-45FD-A419-60218F3354C0}.Release (MP 1.2)|Any CPU.ActiveCfg = Release|Any CPU
		{77C78161-3206-45FD-A419-60218F3354C0}.Release (MP 1.2)|Any CPU.Build.0 = Release|Any CPU
		{77C78161-3206-45FD-A419-60218F3354C0}.Release (MP 1.2)|Mixed Platforms.ActiveCfg = Release|Any CPU
		{77C78161-3206-45FD-A419-60218F3354C0}.Release (MP 1.2)|Mixed Platforms.Build.0 = Release|Any CPU
		{77C78161-3206-45FD-A419-60218F3354C0}.Release (MP 1.2)|x86.ActiveCfg = Release|Any CPU
		{77C78161-3206-45FD-A419-60218F3354C0}.Release (Standalone)|Any CPU.ActiveCfg = Release|Any CPU
		{77C78161-3206-45FD-A419-60218F3354C0}.Release (Standalone)|Any CPU.Build.0 = Release|Any CPU
		{77C78161-3206-45FD-A419-60218F3354C0}.Release (Standalone)|Mixed Platforms.ActiveCfg = Release|Any CPU
		{77C78161-3206-45FD-A419-60218F3354C0}.Release (Standalone)|Mixed Platforms.Build.0 = Release|Any CPU
		{77C78161-3206-45FD-A419-60218F3354C0}.Release (Standalone)|x86.ActiveCfg = Release|Any CPU
		{77C78161-3206-45FD-A419-60218F3354C0}.Release|Any CPU.ActiveCfg = Release|Any CPU
		{77C78161-3206-45FD-A419-60218F3354C0}.Release|Any CPU.Build.0 = Release|Any CPU
		{77C78161-3206-45FD-A419-60218F3354C0}.Release|Mixed Platforms.ActiveCfg = Release|Any CPU
		{77C78161-3206-45FD-A419-60218F3354C0}.Release|Mixed Platforms.Build.0 = Release|Any CPU
		{77C78161-3206-45FD-A419-60218F3354C0}.Release|x86.ActiveCfg = Release|Any CPU
		{77C78161-3206-45FD-A419-60218F3354C0}.Release|x86.Build.0 = Release|Any CPU
		{77C78161-3206-45FD-A419-60218F3354C0}.UseCaptureCardDefinitions|Any CPU.ActiveCfg = Release|Any CPU
		{77C78161-3206-45FD-A419-60218F3354C0}.UseCaptureCardDefinitions|Any CPU.Build.0 = Release|Any CPU
		{77C78161-3206-45FD-A419-60218F3354C0}.UseCaptureCardDefinitions|Mixed Platforms.ActiveCfg = Release|Any CPU
		{77C78161-3206-45FD-A419-60218F3354C0}.UseCaptureCardDefinitions|Mixed Platforms.Build.0 = Release|Any CPU
		{77C78161-3206-45FD-A419-60218F3354C0}.UseCaptureCardDefinitions|x86.ActiveCfg = Release|Any CPU
		{77C78161-3206-45FD-A419-60218F3354C0}.UseCaptureDefintionsRelease|Any CPU.ActiveCfg = Release|Any CPU
		{77C78161-3206-45FD-A419-60218F3354C0}.UseCaptureDefintionsRelease|Any CPU.Build.0 = Release|Any CPU
		{77C78161-3206-45FD-A419-60218F3354C0}.UseCaptureDefintionsRelease|Mixed Platforms.ActiveCfg = Release|Any CPU
		{77C78161-3206-45FD-A419-60218F3354C0}.UseCaptureDefintionsRelease|Mixed Platforms.Build.0 = Release|Any CPU
		{77C78161-3206-45FD-A419-60218F3354C0}.UseCaptureDefintionsRelease|x86.ActiveCfg = Release|Any CPU
		{5D751473-DCC5-4044-A6E3-403D97C5B9F9}.Debug|Any CPU.ActiveCfg = Debug|Any CPU
		{5D751473-DCC5-4044-A6E3-403D97C5B9F9}.Debug|Any CPU.Build.0 = Debug|Any CPU
		{5D751473-DCC5-4044-A6E3-403D97C5B9F9}.Debug|Mixed Platforms.ActiveCfg = Debug|Any CPU
		{5D751473-DCC5-4044-A6E3-403D97C5B9F9}.Debug|Mixed Platforms.Build.0 = Debug|Any CPU
		{5D751473-DCC5-4044-A6E3-403D97C5B9F9}.Debug|x86.ActiveCfg = Debug|Any CPU
		{5D751473-DCC5-4044-A6E3-403D97C5B9F9}.Debug|x86.Build.0 = Debug|Any CPU
		{5D751473-DCC5-4044-A6E3-403D97C5B9F9}.Release (MP 1.2)|Any CPU.ActiveCfg = Release|Any CPU
		{5D751473-DCC5-4044-A6E3-403D97C5B9F9}.Release (MP 1.2)|Any CPU.Build.0 = Release|Any CPU
		{5D751473-DCC5-4044-A6E3-403D97C5B9F9}.Release (MP 1.2)|Mixed Platforms.ActiveCfg = Release|Any CPU
		{5D751473-DCC5-4044-A6E3-403D97C5B9F9}.Release (MP 1.2)|Mixed Platforms.Build.0 = Release|Any CPU
		{5D751473-DCC5-4044-A6E3-403D97C5B9F9}.Release (MP 1.2)|x86.ActiveCfg = Release|Any CPU
		{5D751473-DCC5-4044-A6E3-403D97C5B9F9}.Release (Standalone)|Any CPU.ActiveCfg = Release|Any CPU
		{5D751473-DCC5-4044-A6E3-403D97C5B9F9}.Release (Standalone)|Any CPU.Build.0 = Release|Any CPU
		{5D751473-DCC5-4044-A6E3-403D97C5B9F9}.Release (Standalone)|Mixed Platforms.ActiveCfg = Release|Any CPU
		{5D751473-DCC5-4044-A6E3-403D97C5B9F9}.Release (Standalone)|Mixed Platforms.Build.0 = Release|Any CPU
		{5D751473-DCC5-4044-A6E3-403D97C5B9F9}.Release (Standalone)|x86.ActiveCfg = Release|Any CPU
		{5D751473-DCC5-4044-A6E3-403D97C5B9F9}.Release|Any CPU.ActiveCfg = Release|Any CPU
		{5D751473-DCC5-4044-A6E3-403D97C5B9F9}.Release|Any CPU.Build.0 = Release|Any CPU
		{5D751473-DCC5-4044-A6E3-403D97C5B9F9}.Release|Mixed Platforms.ActiveCfg = Release|Any CPU
		{5D751473-DCC5-4044-A6E3-403D97C5B9F9}.Release|Mixed Platforms.Build.0 = Release|Any CPU
		{5D751473-DCC5-4044-A6E3-403D97C5B9F9}.Release|x86.ActiveCfg = Release|Any CPU
		{5D751473-DCC5-4044-A6E3-403D97C5B9F9}.Release|x86.Build.0 = Release|Any CPU
		{5D751473-DCC5-4044-A6E3-403D97C5B9F9}.UseCaptureCardDefinitions|Any CPU.ActiveCfg = Release|Any CPU
		{5D751473-DCC5-4044-A6E3-403D97C5B9F9}.UseCaptureCardDefinitions|Any CPU.Build.0 = Release|Any CPU
		{5D751473-DCC5-4044-A6E3-403D97C5B9F9}.UseCaptureCardDefinitions|Mixed Platforms.ActiveCfg = Release|Any CPU
		{5D751473-DCC5-4044-A6E3-403D97C5B9F9}.UseCaptureCardDefinitions|Mixed Platforms.Build.0 = Release|Any CPU
		{5D751473-DCC5-4044-A6E3-403D97C5B9F9}.UseCaptureCardDefinitions|x86.ActiveCfg = Release|Any CPU
		{5D751473-DCC5-4044-A6E3-403D97C5B9F9}.UseCaptureDefintionsRelease|Any CPU.ActiveCfg = Release|Any CPU
		{5D751473-DCC5-4044-A6E3-403D97C5B9F9}.UseCaptureDefintionsRelease|Any CPU.Build.0 = Release|Any CPU
		{5D751473-DCC5-4044-A6E3-403D97C5B9F9}.UseCaptureDefintionsRelease|Mixed Platforms.ActiveCfg = Release|Any CPU
		{5D751473-DCC5-4044-A6E3-403D97C5B9F9}.UseCaptureDefintionsRelease|Mixed Platforms.Build.0 = Release|Any CPU
		{5D751473-DCC5-4044-A6E3-403D97C5B9F9}.UseCaptureDefintionsRelease|x86.ActiveCfg = Release|Any CPU
		{1B3CB474-9C7B-459F-9927-A882D3457950}.Debug|Any CPU.ActiveCfg = Debug|x86
		{1B3CB474-9C7B-459F-9927-A882D3457950}.Debug|Mixed Platforms.ActiveCfg = Debug|x86
		{1B3CB474-9C7B-459F-9927-A882D3457950}.Debug|Mixed Platforms.Build.0 = Debug|x86
		{1B3CB474-9C7B-459F-9927-A882D3457950}.Debug|x86.ActiveCfg = Debug|x86
		{1B3CB474-9C7B-459F-9927-A882D3457950}.Debug|x86.Build.0 = Debug|x86
		{1B3CB474-9C7B-459F-9927-A882D3457950}.Release (MP 1.2)|Any CPU.ActiveCfg = Release|x86
		{1B3CB474-9C7B-459F-9927-A882D3457950}.Release (MP 1.2)|Mixed Platforms.ActiveCfg = Release|x86
		{1B3CB474-9C7B-459F-9927-A882D3457950}.Release (MP 1.2)|Mixed Platforms.Build.0 = Release|x86
		{1B3CB474-9C7B-459F-9927-A882D3457950}.Release (MP 1.2)|x86.ActiveCfg = Release|x86
		{1B3CB474-9C7B-459F-9927-A882D3457950}.Release (MP 1.2)|x86.Build.0 = Release|x86
		{1B3CB474-9C7B-459F-9927-A882D3457950}.Release (Standalone)|Any CPU.ActiveCfg = Release|x86
		{1B3CB474-9C7B-459F-9927-A882D3457950}.Release (Standalone)|Mixed Platforms.ActiveCfg = Release|x86
		{1B3CB474-9C7B-459F-9927-A882D3457950}.Release (Standalone)|Mixed Platforms.Build.0 = Release|x86
		{1B3CB474-9C7B-459F-9927-A882D3457950}.Release (Standalone)|x86.ActiveCfg = Release|x86
		{1B3CB474-9C7B-459F-9927-A882D3457950}.Release (Standalone)|x86.Build.0 = Release|x86
		{1B3CB474-9C7B-459F-9927-A882D3457950}.Release|Any CPU.ActiveCfg = Release|x86
		{1B3CB474-9C7B-459F-9927-A882D3457950}.Release|Mixed Platforms.ActiveCfg = Release|x86
		{1B3CB474-9C7B-459F-9927-A882D3457950}.Release|Mixed Platforms.Build.0 = Release|x86
		{1B3CB474-9C7B-459F-9927-A882D3457950}.Release|x86.ActiveCfg = Release|x86
		{1B3CB474-9C7B-459F-9927-A882D3457950}.Release|x86.Build.0 = Release|x86
		{1B3CB474-9C7B-459F-9927-A882D3457950}.UseCaptureCardDefinitions|Any CPU.ActiveCfg = Release|x86
		{1B3CB474-9C7B-459F-9927-A882D3457950}.UseCaptureCardDefinitions|Mixed Platforms.ActiveCfg = Release|x86
		{1B3CB474-9C7B-459F-9927-A882D3457950}.UseCaptureCardDefinitions|Mixed Platforms.Build.0 = Release|x86
		{1B3CB474-9C7B-459F-9927-A882D3457950}.UseCaptureCardDefinitions|x86.ActiveCfg = Release|x86
		{1B3CB474-9C7B-459F-9927-A882D3457950}.UseCaptureCardDefinitions|x86.Build.0 = Release|x86
		{1B3CB474-9C7B-459F-9927-A882D3457950}.UseCaptureDefintionsRelease|Any CPU.ActiveCfg = Release|x86
		{1B3CB474-9C7B-459F-9927-A882D3457950}.UseCaptureDefintionsRelease|Mixed Platforms.ActiveCfg = Release|x86
		{1B3CB474-9C7B-459F-9927-A882D3457950}.UseCaptureDefintionsRelease|Mixed Platforms.Build.0 = Release|x86
		{1B3CB474-9C7B-459F-9927-A882D3457950}.UseCaptureDefintionsRelease|x86.ActiveCfg = Release|x86
		{1B3CB474-9C7B-459F-9927-A882D3457950}.UseCaptureDefintionsRelease|x86.Build.0 = Release|x86
		{759B8D4C-415E-4F71-8B86-82B497B5499B}.Debug|Any CPU.ActiveCfg = Debug|Any CPU
		{759B8D4C-415E-4F71-8B86-82B497B5499B}.Debug|Any CPU.Build.0 = Debug|Any CPU
		{759B8D4C-415E-4F71-8B86-82B497B5499B}.Debug|Mixed Platforms.ActiveCfg = Debug|Any CPU
		{759B8D4C-415E-4F71-8B86-82B497B5499B}.Debug|Mixed Platforms.Build.0 = Debug|Any CPU
		{759B8D4C-415E-4F71-8B86-82B497B5499B}.Debug|x86.ActiveCfg = Debug|Any CPU
		{759B8D4C-415E-4F71-8B86-82B497B5499B}.Debug|x86.Build.0 = Debug|Any CPU
		{759B8D4C-415E-4F71-8B86-82B497B5499B}.Release (MP 1.2)|Any CPU.ActiveCfg = Release|Any CPU
		{759B8D4C-415E-4F71-8B86-82B497B5499B}.Release (MP 1.2)|Any CPU.Build.0 = Release|Any CPU
		{759B8D4C-415E-4F71-8B86-82B497B5499B}.Release (MP 1.2)|Mixed Platforms.ActiveCfg = Release|Any CPU
		{759B8D4C-415E-4F71-8B86-82B497B5499B}.Release (MP 1.2)|Mixed Platforms.Build.0 = Release|Any CPU
		{759B8D4C-415E-4F71-8B86-82B497B5499B}.Release (MP 1.2)|x86.ActiveCfg = Release|Any CPU
		{759B8D4C-415E-4F71-8B86-82B497B5499B}.Release (Standalone)|Any CPU.ActiveCfg = Release|Any CPU
		{759B8D4C-415E-4F71-8B86-82B497B5499B}.Release (Standalone)|Any CPU.Build.0 = Release|Any CPU
		{759B8D4C-415E-4F71-8B86-82B497B5499B}.Release (Standalone)|Mixed Platforms.ActiveCfg = Release|Any CPU
		{759B8D4C-415E-4F71-8B86-82B497B5499B}.Release (Standalone)|Mixed Platforms.Build.0 = Release|Any CPU
		{759B8D4C-415E-4F71-8B86-82B497B5499B}.Release (Standalone)|x86.ActiveCfg = Release|Any CPU
		{759B8D4C-415E-4F71-8B86-82B497B5499B}.Release|Any CPU.ActiveCfg = Release|Any CPU
		{759B8D4C-415E-4F71-8B86-82B497B5499B}.Release|Any CPU.Build.0 = Release|Any CPU
		{759B8D4C-415E-4F71-8B86-82B497B5499B}.Release|Mixed Platforms.ActiveCfg = Release|Any CPU
		{759B8D4C-415E-4F71-8B86-82B497B5499B}.Release|Mixed Platforms.Build.0 = Release|Any CPU
		{759B8D4C-415E-4F71-8B86-82B497B5499B}.Release|x86.ActiveCfg = Release|Any CPU
		{759B8D4C-415E-4F71-8B86-82B497B5499B}.Release|x86.Build.0 = Release|Any CPU
		{759B8D4C-415E-4F71-8B86-82B497B5499B}.UseCaptureCardDefinitions|Any CPU.ActiveCfg = Release|Any CPU
		{759B8D4C-415E-4F71-8B86-82B497B5499B}.UseCaptureCardDefinitions|Any CPU.Build.0 = Release|Any CPU
		{759B8D4C-415E-4F71-8B86-82B497B5499B}.UseCaptureCardDefinitions|Mixed Platforms.ActiveCfg = Release|Any CPU
		{759B8D4C-415E-4F71-8B86-82B497B5499B}.UseCaptureCardDefinitions|Mixed Platforms.Build.0 = Release|Any CPU
		{759B8D4C-415E-4F71-8B86-82B497B5499B}.UseCaptureCardDefinitions|x86.ActiveCfg = Release|Any CPU
		{759B8D4C-415E-4F71-8B86-82B497B5499B}.UseCaptureDefintionsRelease|Any CPU.ActiveCfg = Release|Any CPU
		{759B8D4C-415E-4F71-8B86-82B497B5499B}.UseCaptureDefintionsRelease|Any CPU.Build.0 = Release|Any CPU
		{759B8D4C-415E-4F71-8B86-82B497B5499B}.UseCaptureDefintionsRelease|Mixed Platforms.ActiveCfg = Release|Any CPU
		{759B8D4C-415E-4F71-8B86-82B497B5499B}.UseCaptureDefintionsRelease|Mixed Platforms.Build.0 = Release|Any CPU
		{759B8D4C-415E-4F71-8B86-82B497B5499B}.UseCaptureDefintionsRelease|x86.ActiveCfg = Release|Any CPU
	EndGlobalSection
	GlobalSection(SolutionProperties) = preSolution
		HideSolutionNode = FALSE
	EndGlobalSection
	GlobalSection(NestedProjects) = preSolution
		{1B3CB474-9C7B-459F-9927-A882D3457950} = {61546B9B-F2A3-4931-AC2A-963AFDAC67A5}
		{759B8D4C-415E-4F71-8B86-82B497B5499B} = {61546B9B-F2A3-4931-AC2A-963AFDAC67A5}
	EndGlobalSection
EndGlobal
